
Microsoft Visual Studio Solution File, Format Version 12.00
# Visual Studio Version 16
VisualStudioVersion = 16.0.29123.88
MinimumVisualStudioVersion = 10.0.40219.1
Project("{FAE04EC0-301F-11D3-BF4B-00C04F79EFBC}") = "Library.Framework.HttpService", "Library.Framework.HttpService\Library.Framework.HttpService.csproj", "{9067CB27-EEC8-4EF5-9BC5-40E9408B8928}"
EndProject
Project("{FAE04EC0-301F-11D3-BF4B-00C04F79EFBC}") = "Library.Framework.JsonUtil", "Library.Framework.JsonUtil\Library.Framework.JsonUtil.csproj", "{A90BF11D-C9C4-4CCE-AADA-C2A77068FDF5}"
EndProject
Project("{FAE04EC0-301F-11D3-BF4B-00C04F79EFBC}") = "Library.Framework.Test", "Library.Framework.Test\Library.Framework.Test.csproj", "{D7867BA4-2899-4471-84B5-B6CDE356BCA6}"
EndProject
Global
	GlobalSection(SolutionConfigurationPlatforms) = preSolution
		Debug|Any CPU = Debug|Any CPU
		Release|Any CPU = Release|Any CPU
	EndGlobalSection
	GlobalSection(ProjectConfigurationPlatforms) = postSolution
		{9067CB27-EEC8-4EF5-9BC5-40E9408B8928}.Debug|Any CPU.ActiveCfg = Debug|Any CPU
		{9067CB27-EEC8-4EF5-9BC5-40E9408B8928}.Debug|Any CPU.Build.0 = Debug|Any CPU
		{9067CB27-EEC8-4EF5-9BC5-40E9408B8928}.Release|Any CPU.ActiveCfg = Release|Any CPU
		{9067CB27-EEC8-4EF5-9BC5-40E9408B8928}.Release|Any CPU.Build.0 = Release|Any CPU
		{A90BF11D-C9C4-4CCE-AADA-C2A77068FDF5}.Debug|Any CPU.ActiveCfg = Debug|Any CPU
		{A90BF11D-C9C4-4CCE-AADA-C2A77068FDF5}.Debug|Any CPU.Build.0 = Debug|Any CPU
		{A90BF11D-C9C4-4CCE-AADA-C2A77068FDF5}.Release|Any CPU.ActiveCfg = Release|Any CPU
		{A90BF11D-C9C4-4CCE-AADA-C2A77068FDF5}.Release|Any CPU.Build.0 = Release|Any CPU
		{D7867BA4-2899-4471-84B5-B6CDE356BCA6}.Debug|Any CPU.ActiveCfg = Debug|Any CPU
		{D7867BA4-2899-4471-84B5-B6CDE356BCA6}.Debug|Any CPU.Build.0 = Debug|Any CPU
		{D7867BA4-2899-4471-84B5-B6CDE356BCA6}.Release|Any CPU.ActiveCfg = Release|Any CPU
		{D7867BA4-2899-4471-84B5-B6CDE356BCA6}.Release|Any CPU.Build.0 = Release|Any CPU
	EndGlobalSection
	GlobalSection(SolutionProperties) = preSolution
		HideSolutionNode = FALSE
	EndGlobalSection
	GlobalSection(ExtensibilityGlobals) = postSolution
		SolutionGuid = {B672DABF-E95C-4A9E-BCC1-4E870101AEAE}
	EndGlobalSection
EndGlobal
